
Microsoft Visual Studio Solution File, Format Version 12.00
# Visual Studio Version 16
VisualStudioVersion = 16.0.31729.503
MinimumVisualStudioVersion = 10.0.40219.1
Project("{2150E333-8FDC-42A3-9474-1A3956D46DE8}") = "Services", "Services", "{B91858E6-895C-4BE7-B5BF-B84AB18B63B1}"
EndProject
Project("{2150E333-8FDC-42A3-9474-1A3956D46DE8}") = "Catalog", "Catalog", "{3D417BD1-C0C5-4C78-9653-F0B3EE1B5BDF}"
EndProject
Project("{9A19103F-16F7-4668-BE54-9A1E7A4F7556}") = "Catalog.API", "Services\Catalog\Catalog.API\Catalog.API.csproj", "{7ACD7296-7924-45E9-A727-77F57DCD8610}"
EndProject
Project("{E53339B2-1760-4266-BCC7-CA923CBCF16C}") = "docker-compose", "docker-compose.dcproj", "{1D624683-D1A0-4FC0-8E18-48293A7E5410}"
EndProject
Project("{2150E333-8FDC-42A3-9474-1A3956D46DE8}") = "Basket", "Basket", "{688F37A6-6E38-415A-8654-C813E169C3C8}"
EndProject
Project("{9A19103F-16F7-4668-BE54-9A1E7A4F7556}") = "Basket.API", "Services\Basket\Basket.API\Basket.API.csproj", "{B80D087A-F9D1-4CA9-A6F8-483A6F21D4C4}"
EndProject
Project("{2150E333-8FDC-42A3-9474-1A3956D46DE8}") = "Discount", "Discount", "{9A656250-3AEA-47FF-B5BD-9DCE9422D946}"
EndProject
Project("{9A19103F-16F7-4668-BE54-9A1E7A4F7556}") = "Discount.API", "Services\Discount\Discount.API\Discount.API.csproj", "{36B905BC-9613-467B-A320-EBCF46D52D0C}"
EndProject
Project("{FAE04EC0-301F-11D3-BF4B-00C04F79EFBC}") = "Discount.Grpc", "Services\Discount\Discount.Grpc\Discount.Grpc.csproj", "{E8A9827C-E438-4972-95D0-E57D01A822BD}"
EndProject
Global
	GlobalSection(SolutionConfigurationPlatforms) = preSolution
		Debug|Any CPU = Debug|Any CPU
		Release|Any CPU = Release|Any CPU
	EndGlobalSection
	GlobalSection(ProjectConfigurationPlatforms) = postSolution
		{7ACD7296-7924-45E9-A727-77F57DCD8610}.Debug|Any CPU.ActiveCfg = Debug|Any CPU
		{7ACD7296-7924-45E9-A727-77F57DCD8610}.Debug|Any CPU.Build.0 = Debug|Any CPU
		{7ACD7296-7924-45E9-A727-77F57DCD8610}.Release|Any CPU.ActiveCfg = Release|Any CPU
		{7ACD7296-7924-45E9-A727-77F57DCD8610}.Release|Any CPU.Build.0 = Release|Any CPU
		{1D624683-D1A0-4FC0-8E18-48293A7E5410}.Debug|Any CPU.ActiveCfg = Debug|Any CPU
		{1D624683-D1A0-4FC0-8E18-48293A7E5410}.Debug|Any CPU.Build.0 = Debug|Any CPU
		{1D624683-D1A0-4FC0-8E18-48293A7E5410}.Release|Any CPU.ActiveCfg = Release|Any CPU
		{1D624683-D1A0-4FC0-8E18-48293A7E5410}.Release|Any CPU.Build.0 = Release|Any CPU
		{B80D087A-F9D1-4CA9-A6F8-483A6F21D4C4}.Debug|Any CPU.ActiveCfg = Debug|Any CPU
		{B80D087A-F9D1-4CA9-A6F8-483A6F21D4C4}.Debug|Any CPU.Build.0 = Debug|Any CPU
		{B80D087A-F9D1-4CA9-A6F8-483A6F21D4C4}.Release|Any CPU.ActiveCfg = Release|Any CPU
		{B80D087A-F9D1-4CA9-A6F8-483A6F21D4C4}.Release|Any CPU.Build.0 = Release|Any CPU
		{36B905BC-9613-467B-A320-EBCF46D52D0C}.Debug|Any CPU.ActiveCfg = Debug|Any CPU
		{36B905BC-9613-467B-A320-EBCF46D52D0C}.Debug|Any CPU.Build.0 = Debug|Any CPU
		{36B905BC-9613-467B-A320-EBCF46D52D0C}.Release|Any CPU.ActiveCfg = Release|Any CPU
		{36B905BC-9613-467B-A320-EBCF46D52D0C}.Release|Any CPU.Build.0 = Release|Any CPU
		{E8A9827C-E438-4972-95D0-E57D01A822BD}.Debug|Any CPU.ActiveCfg = Debug|Any CPU
		{E8A9827C-E438-4972-95D0-E57D01A822BD}.Debug|Any CPU.Build.0 = Debug|Any CPU
		{E8A9827C-E438-4972-95D0-E57D01A822BD}.Release|Any CPU.ActiveCfg = Release|Any CPU
		{E8A9827C-E438-4972-95D0-E57D01A822BD}.Release|Any CPU.Build.0 = Release|Any CPU
	EndGlobalSection
	GlobalSection(SolutionProperties) = preSolution
		HideSolutionNode = FALSE
	EndGlobalSection
	GlobalSection(NestedProjects) = preSolution
		{3D417BD1-C0C5-4C78-9653-F0B3EE1B5BDF} = {B91858E6-895C-4BE7-B5BF-B84AB18B63B1}
		{7ACD7296-7924-45E9-A727-77F57DCD8610} = {3D417BD1-C0C5-4C78-9653-F0B3EE1B5BDF}
		{688F37A6-6E38-415A-8654-C813E169C3C8} = {B91858E6-895C-4BE7-B5BF-B84AB18B63B1}
		{B80D087A-F9D1-4CA9-A6F8-483A6F21D4C4} = {688F37A6-6E38-415A-8654-C813E169C3C8}
		{9A656250-3AEA-47FF-B5BD-9DCE9422D946} = {B91858E6-895C-4BE7-B5BF-B84AB18B63B1}
		{36B905BC-9613-467B-A320-EBCF46D52D0C} = {9A656250-3AEA-47FF-B5BD-9DCE9422D946}
		{E8A9827C-E438-4972-95D0-E57D01A822BD} = {9A656250-3AEA-47FF-B5BD-9DCE9422D946}
	EndGlobalSection
	GlobalSection(ExtensibilityGlobals) = postSolution
		SolutionGuid = {B5D88F9D-DFB4-42BC-944F-47FA2F74A811}
	EndGlobalSection
EndGlobal
