
Microsoft Visual Studio Solution File, Format Version 12.00
# Visual Studio Version 16
VisualStudioVersion = 16.0.31729.503
MinimumVisualStudioVersion = 10.0.40219.1
Project("{2150E333-8FDC-42A3-9474-1A3956D46DE8}") = "Services", "Services", "{B91858E6-895C-4BE7-B5BF-B84AB18B63B1}"
EndProject
Project("{2150E333-8FDC-42A3-9474-1A3956D46DE8}") = "Catalog", "Catalog", "{3D417BD1-C0C5-4C78-9653-F0B3EE1B5BDF}"
EndProject
Project("{9A19103F-16F7-4668-BE54-9A1E7A4F7556}") = "Catalog.API", "Services\Catalog\Catalog.API\Catalog.API.csproj", "{7ACD7296-7924-45E9-A727-77F57DCD8610}"
EndProject
Project("{E53339B2-1760-4266-BCC7-CA923CBCF16C}") = "docker-compose", "docker-compose.dcproj", "{1D624683-D1A0-4FC0-8E18-48293A7E5410}"
EndProject
Project("{2150E333-8FDC-42A3-9474-1A3956D46DE8}") = "Basket", "Basket", "{688F37A6-6E38-415A-8654-C813E169C3C8}"
EndProject
Project("{9A19103F-16F7-4668-BE54-9A1E7A4F7556}") = "Basket.API", "Services\Basket\Basket.API\Basket.API.csproj", "{B80D087A-F9D1-4CA9-A6F8-483A6F21D4C4}"
EndProject
Project("{2150E333-8FDC-42A3-9474-1A3956D46DE8}") = "Discount", "Discount", "{9A656250-3AEA-47FF-B5BD-9DCE9422D946}"
EndProject
Project("{9A19103F-16F7-4668-BE54-9A1E7A4F7556}") = "Discount.API", "Services\Discount\Discount.API\Discount.API.csproj", "{36B905BC-9613-467B-A320-EBCF46D52D0C}"
EndProject
Project("{9A19103F-16F7-4668-BE54-9A1E7A4F7556}") = "Discount.Grpc", "Services\Discount\Discount.Grpc\Discount.Grpc.csproj", "{E8A9827C-E438-4972-95D0-E57D01A822BD}"
EndProject
Project("{2150E333-8FDC-42A3-9474-1A3956D46DE8}") = "Ordering", "Ordering", "{C20D742B-86DA-446F-B2E2-18A3F4F8E014}"
EndProject
Project("{9A19103F-16F7-4668-BE54-9A1E7A4F7556}") = "Ordering.API", "Services\Ordering\Ordering.API\Ordering.API.csproj", "{CE891DD2-159F-441D-9DF8-446853430B9D}"
EndProject
Project("{9A19103F-16F7-4668-BE54-9A1E7A4F7556}") = "Ordering.Domain", "Services\Ordering\Ordering.Domain\Ordering.Domain.csproj", "{A0EA50C8-6F00-4306-BCE1-3DE7227B77A6}"
EndProject
Project("{9A19103F-16F7-4668-BE54-9A1E7A4F7556}") = "Ordering.Application", "Services\Ordering\Ordering.Application\Ordering.Application.csproj", "{2B365650-0C6A-4118-A7B0-0854985219F6}"
EndProject
Project("{9A19103F-16F7-4668-BE54-9A1E7A4F7556}") = "Ordering.Infrastructure", "Services\Ordering\Ordering.Infrastructure\Ordering.Infrastructure.csproj", "{005FE52F-9B98-4E63-B387-E01AD04F3B24}"
EndProject
Project("{2150E333-8FDC-42A3-9474-1A3956D46DE8}") = "BuildingBlocks", "BuildingBlocks", "{4D1B9395-8BC8-4770-A337-1450A4B4444D}"
EndProject
Project("{9A19103F-16F7-4668-BE54-9A1E7A4F7556}") = "EventBus.Messages", "BuildingBlocks\EventBus.Messages\EventBus.Messages\EventBus.Messages.csproj", "{FA8433CF-4258-45FB-B287-6560FD8F6C50}"
EndProject
Project("{2150E333-8FDC-42A3-9474-1A3956D46DE8}") = "ApiGateways", "ApiGateways", "{07EB3093-BA73-48E8-9D33-A4E81D76ED71}"
EndProject
Project("{9A19103F-16F7-4668-BE54-9A1E7A4F7556}") = "OcelotApiGw", "ApiGateways\OcelotApiGw\OcelotApiGw.csproj", "{C50A4F43-226A-4B9F-A215-51CA6F569B87}"
EndProject
Project("{9A19103F-16F7-4668-BE54-9A1E7A4F7556}") = "Shopping.Aggregator", "ApiGateways\Shopping.Aggregator\Shopping.Aggregator.csproj", "{BE9177EF-5FFC-40C9-81B1-8B6438FDCD19}"
EndProject
Project("{2150E333-8FDC-42A3-9474-1A3956D46DE8}") = "WebApps", "WebApps", "{C981468A-21DB-4AE5-8B55-2130E3B603F8}"
EndProject
Project("{9A19103F-16F7-4668-BE54-9A1E7A4F7556}") = "AspnetRunBasics", "WebApps\AspnetRunBasics\AspnetRunBasics.csproj", "{92E515AD-F8B1-4B4B-A52C-BBC3C5F26A08}"
EndProject
Global
	GlobalSection(SolutionConfigurationPlatforms) = preSolution
		Debug|Any CPU = Debug|Any CPU
		Release|Any CPU = Release|Any CPU
	EndGlobalSection
	GlobalSection(ProjectConfigurationPlatforms) = postSolution
		{7ACD7296-7924-45E9-A727-77F57DCD8610}.Debug|Any CPU.ActiveCfg = Debug|Any CPU
		{7ACD7296-7924-45E9-A727-77F57DCD8610}.Debug|Any CPU.Build.0 = Debug|Any CPU
		{7ACD7296-7924-45E9-A727-77F57DCD8610}.Release|Any CPU.ActiveCfg = Release|Any CPU
		{7ACD7296-7924-45E9-A727-77F57DCD8610}.Release|Any CPU.Build.0 = Release|Any CPU
		{1D624683-D1A0-4FC0-8E18-48293A7E5410}.Debug|Any CPU.ActiveCfg = Debug|Any CPU
		{1D624683-D1A0-4FC0-8E18-48293A7E5410}.Debug|Any CPU.Build.0 = Debug|Any CPU
		{1D624683-D1A0-4FC0-8E18-48293A7E5410}.Release|Any CPU.ActiveCfg = Release|Any CPU
		{1D624683-D1A0-4FC0-8E18-48293A7E5410}.Release|Any CPU.Build.0 = Release|Any CPU
		{B80D087A-F9D1-4CA9-A6F8-483A6F21D4C4}.Debug|Any CPU.ActiveCfg = Debug|Any CPU
		{B80D087A-F9D1-4CA9-A6F8-483A6F21D4C4}.Debug|Any CPU.Build.0 = Debug|Any CPU
		{B80D087A-F9D1-4CA9-A6F8-483A6F21D4C4}.Release|Any CPU.ActiveCfg = Release|Any CPU
		{B80D087A-F9D1-4CA9-A6F8-483A6F21D4C4}.Release|Any CPU.Build.0 = Release|Any CPU
		{36B905BC-9613-467B-A320-EBCF46D52D0C}.Debug|Any CPU.ActiveCfg = Debug|Any CPU
		{36B905BC-9613-467B-A320-EBCF46D52D0C}.Debug|Any CPU.Build.0 = Debug|Any CPU
		{36B905BC-9613-467B-A320-EBCF46D52D0C}.Release|Any CPU.ActiveCfg = Release|Any CPU
		{36B905BC-9613-467B-A320-EBCF46D52D0C}.Release|Any CPU.Build.0 = Release|Any CPU
		{E8A9827C-E438-4972-95D0-E57D01A822BD}.Debug|Any CPU.ActiveCfg = Debug|Any CPU
		{E8A9827C-E438-4972-95D0-E57D01A822BD}.Debug|Any CPU.Build.0 = Debug|Any CPU
		{E8A9827C-E438-4972-95D0-E57D01A822BD}.Release|Any CPU.ActiveCfg = Release|Any CPU
		{E8A9827C-E438-4972-95D0-E57D01A822BD}.Release|Any CPU.Build.0 = Release|Any CPU
		{CE891DD2-159F-441D-9DF8-446853430B9D}.Debug|Any CPU.ActiveCfg = Debug|Any CPU
		{CE891DD2-159F-441D-9DF8-446853430B9D}.Debug|Any CPU.Build.0 = Debug|Any CPU
		{CE891DD2-159F-441D-9DF8-446853430B9D}.Release|Any CPU.ActiveCfg = Release|Any CPU
		{CE891DD2-159F-441D-9DF8-446853430B9D}.Release|Any CPU.Build.0 = Release|Any CPU
		{A0EA50C8-6F00-4306-BCE1-3DE7227B77A6}.Debug|Any CPU.ActiveCfg = Debug|Any CPU
		{A0EA50C8-6F00-4306-BCE1-3DE7227B77A6}.Debug|Any CPU.Build.0 = Debug|Any CPU
		{A0EA50C8-6F00-4306-BCE1-3DE7227B77A6}.Release|Any CPU.ActiveCfg = Release|Any CPU
		{A0EA50C8-6F00-4306-BCE1-3DE7227B77A6}.Release|Any CPU.Build.0 = Release|Any CPU
		{2B365650-0C6A-4118-A7B0-0854985219F6}.Debug|Any CPU.ActiveCfg = Debug|Any CPU
		{2B365650-0C6A-4118-A7B0-0854985219F6}.Debug|Any CPU.Build.0 = Debug|Any CPU
		{2B365650-0C6A-4118-A7B0-0854985219F6}.Release|Any CPU.ActiveCfg = Release|Any CPU
		{2B365650-0C6A-4118-A7B0-0854985219F6}.Release|Any CPU.Build.0 = Release|Any CPU
		{005FE52F-9B98-4E63-B387-E01AD04F3B24}.Debug|Any CPU.ActiveCfg = Debug|Any CPU
		{005FE52F-9B98-4E63-B387-E01AD04F3B24}.Debug|Any CPU.Build.0 = Debug|Any CPU
		{005FE52F-9B98-4E63-B387-E01AD04F3B24}.Release|Any CPU.ActiveCfg = Release|Any CPU
		{005FE52F-9B98-4E63-B387-E01AD04F3B24}.Release|Any CPU.Build.0 = Release|Any CPU
		{FA8433CF-4258-45FB-B287-6560FD8F6C50}.Debug|Any CPU.ActiveCfg = Debug|Any CPU
		{FA8433CF-4258-45FB-B287-6560FD8F6C50}.Debug|Any CPU.Build.0 = Debug|Any CPU
		{FA8433CF-4258-45FB-B287-6560FD8F6C50}.Release|Any CPU.ActiveCfg = Release|Any CPU
		{FA8433CF-4258-45FB-B287-6560FD8F6C50}.Release|Any CPU.Build.0 = Release|Any CPU
		{C50A4F43-226A-4B9F-A215-51CA6F569B87}.Debug|Any CPU.ActiveCfg = Debug|Any CPU
		{C50A4F43-226A-4B9F-A215-51CA6F569B87}.Debug|Any CPU.Build.0 = Debug|Any CPU
		{C50A4F43-226A-4B9F-A215-51CA6F569B87}.Release|Any CPU.ActiveCfg = Release|Any CPU
		{C50A4F43-226A-4B9F-A215-51CA6F569B87}.Release|Any CPU.Build.0 = Release|Any CPU
		{BE9177EF-5FFC-40C9-81B1-8B6438FDCD19}.Debug|Any CPU.ActiveCfg = Debug|Any CPU
		{BE9177EF-5FFC-40C9-81B1-8B6438FDCD19}.Debug|Any CPU.Build.0 = Debug|Any CPU
		{BE9177EF-5FFC-40C9-81B1-8B6438FDCD19}.Release|Any CPU.ActiveCfg = Release|Any CPU
		{BE9177EF-5FFC-40C9-81B1-8B6438FDCD19}.Release|Any CPU.Build.0 = Release|Any CPU
		{92E515AD-F8B1-4B4B-A52C-BBC3C5F26A08}.Debug|Any CPU.ActiveCfg = Debug|Any CPU
		{92E515AD-F8B1-4B4B-A52C-BBC3C5F26A08}.Debug|Any CPU.Build.0 = Debug|Any CPU
		{92E515AD-F8B1-4B4B-A52C-BBC3C5F26A08}.Release|Any CPU.ActiveCfg = Release|Any CPU
		{92E515AD-F8B1-4B4B-A52C-BBC3C5F26A08}.Release|Any CPU.Build.0 = Release|Any CPU
	EndGlobalSection
	GlobalSection(SolutionProperties) = preSolution
		HideSolutionNode = FALSE
	EndGlobalSection
	GlobalSection(NestedProjects) = preSolution
		{3D417BD1-C0C5-4C78-9653-F0B3EE1B5BDF} = {B91858E6-895C-4BE7-B5BF-B84AB18B63B1}
		{7ACD7296-7924-45E9-A727-77F57DCD8610} = {3D417BD1-C0C5-4C78-9653-F0B3EE1B5BDF}
		{688F37A6-6E38-415A-8654-C813E169C3C8} = {B91858E6-895C-4BE7-B5BF-B84AB18B63B1}
		{B80D087A-F9D1-4CA9-A6F8-483A6F21D4C4} = {688F37A6-6E38-415A-8654-C813E169C3C8}
		{9A656250-3AEA-47FF-B5BD-9DCE9422D946} = {B91858E6-895C-4BE7-B5BF-B84AB18B63B1}
		{36B905BC-9613-467B-A320-EBCF46D52D0C} = {9A656250-3AEA-47FF-B5BD-9DCE9422D946}
		{E8A9827C-E438-4972-95D0-E57D01A822BD} = {9A656250-3AEA-47FF-B5BD-9DCE9422D946}
		{C20D742B-86DA-446F-B2E2-18A3F4F8E014} = {B91858E6-895C-4BE7-B5BF-B84AB18B63B1}
		{CE891DD2-159F-441D-9DF8-446853430B9D} = {C20D742B-86DA-446F-B2E2-18A3F4F8E014}
		{A0EA50C8-6F00-4306-BCE1-3DE7227B77A6} = {C20D742B-86DA-446F-B2E2-18A3F4F8E014}
		{2B365650-0C6A-4118-A7B0-0854985219F6} = {C20D742B-86DA-446F-B2E2-18A3F4F8E014}
		{005FE52F-9B98-4E63-B387-E01AD04F3B24} = {C20D742B-86DA-446F-B2E2-18A3F4F8E014}
		{FA8433CF-4258-45FB-B287-6560FD8F6C50} = {4D1B9395-8BC8-4770-A337-1450A4B4444D}
		{C50A4F43-226A-4B9F-A215-51CA6F569B87} = {07EB3093-BA73-48E8-9D33-A4E81D76ED71}
		{BE9177EF-5FFC-40C9-81B1-8B6438FDCD19} = {07EB3093-BA73-48E8-9D33-A4E81D76ED71}
		{92E515AD-F8B1-4B4B-A52C-BBC3C5F26A08} = {C981468A-21DB-4AE5-8B55-2130E3B603F8}
	EndGlobalSection
	GlobalSection(ExtensibilityGlobals) = postSolution
		SolutionGuid = {B5D88F9D-DFB4-42BC-944F-47FA2F74A811}
	EndGlobalSection
EndGlobal
